
Microsoft Visual Studio Solution File, Format Version 12.00
# Visual Studio Version 17
VisualStudioVersion = 17.1.32328.378
MinimumVisualStudioVersion = 10.0.40219.1
Project("{9A19103F-16F7-4668-BE54-9A1E7A4F7556}") = "Fido2me", "src\Fido2me\Fido2me.csproj", "{E5DBA9E3-3FB2-4EB4-A7B5-BBF62658C530}"
EndProject
Project("{9A19103F-16F7-4668-BE54-9A1E7A4F7556}") = "Fido2.Models", "src\Fido2.Models\Fido2.Models.csproj", "{61251952-B246-48F5-B2BE-C3FC0DCB1078}"
EndProject
Project("{9A19103F-16F7-4668-BE54-9A1E7A4F7556}") = "Fido2", "src\Fido2\Fido2.csproj", "{D2DCF0BE-5A3D-414C-AADA-A493BA156193}"
EndProject
Project("{9A19103F-16F7-4668-BE54-9A1E7A4F7556}") = "Fido2.AspNet", "src\Fido2.AspNet\Fido2.AspNet.csproj", "{B969565C-2D2B-4163-A593-5AAB5CBD02AB}"
EndProject
Project("{9A19103F-16F7-4668-BE54-9A1E7A4F7556}") = "Fido2.Lib.Tests", "test\Fido2.Lib.Tests\Fido2.Lib.Tests.csproj", "{091B6C20-3F80-43E5-8DD5-6E1433253366}"
EndProject
Global
	GlobalSection(SolutionConfigurationPlatforms) = preSolution
		Debug|Any CPU = Debug|Any CPU
		Release|Any CPU = Release|Any CPU
	EndGlobalSection
	GlobalSection(ProjectConfigurationPlatforms) = postSolution
		{E5DBA9E3-3FB2-4EB4-A7B5-BBF62658C530}.Debug|Any CPU.ActiveCfg = Debug|Any CPU
		{E5DBA9E3-3FB2-4EB4-A7B5-BBF62658C530}.Debug|Any CPU.Build.0 = Debug|Any CPU
		{E5DBA9E3-3FB2-4EB4-A7B5-BBF62658C530}.Release|Any CPU.ActiveCfg = Release|Any CPU
		{E5DBA9E3-3FB2-4EB4-A7B5-BBF62658C530}.Release|Any CPU.Build.0 = Release|Any CPU
		{61251952-B246-48F5-B2BE-C3FC0DCB1078}.Debug|Any CPU.ActiveCfg = Debug|Any CPU
		{61251952-B246-48F5-B2BE-C3FC0DCB1078}.Debug|Any CPU.Build.0 = Debug|Any CPU
		{61251952-B246-48F5-B2BE-C3FC0DCB1078}.Release|Any CPU.ActiveCfg = Release|Any CPU
		{61251952-B246-48F5-B2BE-C3FC0DCB1078}.Release|Any CPU.Build.0 = Release|Any CPU
		{D2DCF0BE-5A3D-414C-AADA-A493BA156193}.Debug|Any CPU.ActiveCfg = Debug|Any CPU
		{D2DCF0BE-5A3D-414C-AADA-A493BA156193}.Debug|Any CPU.Build.0 = Debug|Any CPU
		{D2DCF0BE-5A3D-414C-AADA-A493BA156193}.Release|Any CPU.ActiveCfg = Release|Any CPU
		{D2DCF0BE-5A3D-414C-AADA-A493BA156193}.Release|Any CPU.Build.0 = Release|Any CPU
		{B969565C-2D2B-4163-A593-5AAB5CBD02AB}.Debug|Any CPU.ActiveCfg = Debug|Any CPU
		{B969565C-2D2B-4163-A593-5AAB5CBD02AB}.Debug|Any CPU.Build.0 = Debug|Any CPU
		{B969565C-2D2B-4163-A593-5AAB5CBD02AB}.Release|Any CPU.ActiveCfg = Release|Any CPU
		{B969565C-2D2B-4163-A593-5AAB5CBD02AB}.Release|Any CPU.Build.0 = Release|Any CPU
		{091B6C20-3F80-43E5-8DD5-6E1433253366}.Debug|Any CPU.ActiveCfg = Debug|Any CPU
		{091B6C20-3F80-43E5-8DD5-6E1433253366}.Debug|Any CPU.Build.0 = Debug|Any CPU
		{091B6C20-3F80-43E5-8DD5-6E1433253366}.Release|Any CPU.ActiveCfg = Release|Any CPU
		{091B6C20-3F80-43E5-8DD5-6E1433253366}.Release|Any CPU.Build.0 = Release|Any CPU
	EndGlobalSection
	GlobalSection(SolutionProperties) = preSolution
		HideSolutionNode = FALSE
	EndGlobalSection
	GlobalSection(ExtensibilityGlobals) = postSolution
		SolutionGuid = {F00FE521-D684-4C36-9032-161CBDCF78FB}
	EndGlobalSection
EndGlobal
